
Microsoft Visual Studio Solution File, Format Version 12.00
# Visual Studio Version 16
VisualStudioVersion = 16.0.30204.135
MinimumVisualStudioVersion = 10.0.40219.1
Project("{9A19103F-16F7-4668-BE54-9A1E7A4F7556}") = "BobBookstore", "BobBookstore\BobBookstore.csproj", "{D2EB32C8-015D-4CE0-B2A4-E6D8E9A0AACC}"
EndProject
Global
	GlobalSection(SolutionConfigurationPlatforms) = preSolution
		Debug|Any CPU = Debug|Any CPU
		Release|Any CPU = Release|Any CPU
	EndGlobalSection
	GlobalSection(ProjectConfigurationPlatforms) = postSolution
		{D2EB32C8-015D-4CE0-B2A4-E6D8E9A0AACC}.Debug|Any CPU.ActiveCfg = Debug|Any CPU
		{D2EB32C8-015D-4CE0-B2A4-E6D8E9A0AACC}.Debug|Any CPU.Build.0 = Debug|Any CPU
		{D2EB32C8-015D-4CE0-B2A4-E6D8E9A0AACC}.Release|Any CPU.ActiveCfg = Release|Any CPU
		{D2EB32C8-015D-4CE0-B2A4-E6D8E9A0AACC}.Release|Any CPU.Build.0 = Release|Any CPU
	EndGlobalSection
	GlobalSection(SolutionProperties) = preSolution
		HideSolutionNode = FALSE
	EndGlobalSection
	GlobalSection(ExtensibilityGlobals) = postSolution
		SolutionGuid = {D60D37B9-D217-483C-BF42-FD824FD772D5}
	EndGlobalSection
EndGlobal
